
Microsoft Visual Studio Solution File, Format Version 12.00
# Visual Studio Version 17
VisualStudioVersion = 17.10.35013.160
MinimumVisualStudioVersion = 10.0.40219.1
Project("{9A19103F-16F7-4668-BE54-9A1E7A4F7556}") = "asimplevectors", "asimplevectors.csproj", "{3CF7F368-A306-423D-95EC-6551555336E8}"
EndProject
Project("{9A19103F-16F7-4668-BE54-9A1E7A4F7556}") = "asimplevectors.Tests", "..\asimpleVectors.Tests\asimplevectors.Tests.csproj", "{77FFC524-FC85-46F3-A84A-948AF5D114B7}"
EndProject
Global
	GlobalSection(SolutionConfigurationPlatforms) = preSolution
		Debug|Any CPU = Debug|Any CPU
		Release|Any CPU = Release|Any CPU
	EndGlobalSection
	GlobalSection(ProjectConfigurationPlatforms) = postSolution
		{3CF7F368-A306-423D-95EC-6551555336E8}.Debug|Any CPU.ActiveCfg = Debug|Any CPU
		{3CF7F368-A306-423D-95EC-6551555336E8}.Debug|Any CPU.Build.0 = Debug|Any CPU
		{3CF7F368-A306-423D-95EC-6551555336E8}.Release|Any CPU.ActiveCfg = Release|Any CPU
		{3CF7F368-A306-423D-95EC-6551555336E8}.Release|Any CPU.Build.0 = Release|Any CPU
		{77FFC524-FC85-46F3-A84A-948AF5D114B7}.Debug|Any CPU.ActiveCfg = Debug|Any CPU
		{77FFC524-FC85-46F3-A84A-948AF5D114B7}.Debug|Any CPU.Build.0 = Debug|Any CPU
		{77FFC524-FC85-46F3-A84A-948AF5D114B7}.Release|Any CPU.ActiveCfg = Release|Any CPU
		{77FFC524-FC85-46F3-A84A-948AF5D114B7}.Release|Any CPU.Build.0 = Release|Any CPU
	EndGlobalSection
	GlobalSection(SolutionProperties) = preSolution
		HideSolutionNode = FALSE
	EndGlobalSection
	GlobalSection(ExtensibilityGlobals) = postSolution
		SolutionGuid = {A3CDB226-44C5-4DED-BE96-0D6C6EC5AE79}
	EndGlobalSection
EndGlobal
